
Microsoft Visual Studio Solution File, Format Version 12.00
# Visual Studio Version 17
VisualStudioVersion = 17.7.34024.191
MinimumVisualStudioVersion = 10.0.40219.1
Project("{FAE04EC0-301F-11D3-BF4B-00C04F79EFBC}") = "Section_B_Practical_question", "Section_B_Practical_question.csproj", "{543B8901-3CF1-4823-9ABE-34EA2B9EE680}"
EndProject
Global
	GlobalSection(SolutionConfigurationPlatforms) = preSolution
		Debug|Any CPU = Debug|Any CPU
		Release|Any CPU = Release|Any CPU
	EndGlobalSection
	GlobalSection(ProjectConfigurationPlatforms) = postSolution
		{543B8901-3CF1-4823-9ABE-34EA2B9EE680}.Debug|Any CPU.ActiveCfg = Debug|Any CPU
		{543B8901-3CF1-4823-9ABE-34EA2B9EE680}.Debug|Any CPU.Build.0 = Debug|Any CPU
		{543B8901-3CF1-4823-9ABE-34EA2B9EE680}.Release|Any CPU.ActiveCfg = Release|Any CPU
		{543B8901-3CF1-4823-9ABE-34EA2B9EE680}.Release|Any CPU.Build.0 = Release|Any CPU
	EndGlobalSection
	GlobalSection(SolutionProperties) = preSolution
		HideSolutionNode = FALSE
	EndGlobalSection
	GlobalSection(ExtensibilityGlobals) = postSolution
		SolutionGuid = {46405793-3E55-40F6-BC81-C95264038A03}
	EndGlobalSection
EndGlobal
